
Microsoft Visual Studio Solution File, Format Version 12.00
# Visual Studio Version 17
VisualStudioVersion = 17.13.35919.96 d17.13
MinimumVisualStudioVersion = 10.0.40219.1
Project("{FAE04EC0-301F-11D3-BF4B-00C04F79EFBC}") = "Act2_TiendaVirtual", "Act2_TiendaVirtual\Act2_TiendaVirtual.csproj", "{A029B049-801C-427A-8B69-5C24F4F4B068}"
EndProject
Global
	GlobalSection(SolutionConfigurationPlatforms) = preSolution
		Debug|Any CPU = Debug|Any CPU
		Release|Any CPU = Release|Any CPU
	EndGlobalSection
	GlobalSection(ProjectConfigurationPlatforms) = postSolution
		{A029B049-801C-427A-8B69-5C24F4F4B068}.Debug|Any CPU.ActiveCfg = Debug|Any CPU
		{A029B049-801C-427A-8B69-5C24F4F4B068}.Debug|Any CPU.Build.0 = Debug|Any CPU
		{A029B049-801C-427A-8B69-5C24F4F4B068}.Release|Any CPU.ActiveCfg = Release|Any CPU
		{A029B049-801C-427A-8B69-5C24F4F4B068}.Release|Any CPU.Build.0 = Release|Any CPU
	EndGlobalSection
	GlobalSection(SolutionProperties) = preSolution
		HideSolutionNode = FALSE
	EndGlobalSection
	GlobalSection(ExtensibilityGlobals) = postSolution
		SolutionGuid = {F95D3132-82A4-428E-8A67-BC9977C9F039}
	EndGlobalSection
EndGlobal
